
Microsoft Visual Studio Solution File, Format Version 12.00
# Visual Studio Version 16
VisualStudioVersion = 16.0.30413.136
MinimumVisualStudioVersion = 10.0.40219.1
Project("{FAE04EC0-301F-11D3-BF4B-00C04F79EFBC}") = "VotacionesPersonero", "Design Dashboard Modern\VotacionesPersonero.csproj", "{4D8BCAAC-874B-4730-B1DC-A3147345B29B}"
EndProject
Project("{FAE04EC0-301F-11D3-BF4B-00C04F79EFBC}") = "BLL", "BLL\BLL.csproj", "{BF60BC8B-3115-4357-A6EB-9C4AB27C79C8}"
EndProject
Project("{FAE04EC0-301F-11D3-BF4B-00C04F79EFBC}") = "ENTITY", "ENTITY\ENTITY.csproj", "{CFE6152A-49C2-4DEB-B14B-D836C135BF0A}"
EndProject
Project("{FAE04EC0-301F-11D3-BF4B-00C04F79EFBC}") = "DAL", "DAL\DAL.csproj", "{425DD0F5-AB6A-40A0-9E47-ECD20565479C}"
EndProject
Global
	GlobalSection(SolutionConfigurationPlatforms) = preSolution
		Debug|Any CPU = Debug|Any CPU
		Release|Any CPU = Release|Any CPU
	EndGlobalSection
	GlobalSection(ProjectConfigurationPlatforms) = postSolution
		{4D8BCAAC-874B-4730-B1DC-A3147345B29B}.Debug|Any CPU.ActiveCfg = Debug|Any CPU
		{4D8BCAAC-874B-4730-B1DC-A3147345B29B}.Debug|Any CPU.Build.0 = Debug|Any CPU
		{4D8BCAAC-874B-4730-B1DC-A3147345B29B}.Release|Any CPU.ActiveCfg = Release|Any CPU
		{4D8BCAAC-874B-4730-B1DC-A3147345B29B}.Release|Any CPU.Build.0 = Release|Any CPU
		{BF60BC8B-3115-4357-A6EB-9C4AB27C79C8}.Debug|Any CPU.ActiveCfg = Debug|Any CPU
		{BF60BC8B-3115-4357-A6EB-9C4AB27C79C8}.Debug|Any CPU.Build.0 = Debug|Any CPU
		{BF60BC8B-3115-4357-A6EB-9C4AB27C79C8}.Release|Any CPU.ActiveCfg = Release|Any CPU
		{BF60BC8B-3115-4357-A6EB-9C4AB27C79C8}.Release|Any CPU.Build.0 = Release|Any CPU
		{CFE6152A-49C2-4DEB-B14B-D836C135BF0A}.Debug|Any CPU.ActiveCfg = Debug|Any CPU
		{CFE6152A-49C2-4DEB-B14B-D836C135BF0A}.Debug|Any CPU.Build.0 = Debug|Any CPU
		{CFE6152A-49C2-4DEB-B14B-D836C135BF0A}.Release|Any CPU.ActiveCfg = Release|Any CPU
		{CFE6152A-49C2-4DEB-B14B-D836C135BF0A}.Release|Any CPU.Build.0 = Release|Any CPU
		{425DD0F5-AB6A-40A0-9E47-ECD20565479C}.Debug|Any CPU.ActiveCfg = Debug|Any CPU
		{425DD0F5-AB6A-40A0-9E47-ECD20565479C}.Debug|Any CPU.Build.0 = Debug|Any CPU
		{425DD0F5-AB6A-40A0-9E47-ECD20565479C}.Release|Any CPU.ActiveCfg = Release|Any CPU
		{425DD0F5-AB6A-40A0-9E47-ECD20565479C}.Release|Any CPU.Build.0 = Release|Any CPU
	EndGlobalSection
	GlobalSection(SolutionProperties) = preSolution
		HideSolutionNode = FALSE
	EndGlobalSection
	GlobalSection(ExtensibilityGlobals) = postSolution
		SolutionGuid = {4EC82FEA-DCB4-4487-9C4A-C52060C1CB69}
	EndGlobalSection
EndGlobal
